
Microsoft Visual Studio Solution File, Format Version 12.00
# Visual Studio 15
VisualStudioVersion = 15.0.28307.168
MinimumVisualStudioVersion = 10.0.40219.1
Project("{FAE04EC0-301F-11D3-BF4B-00C04F79EFBC}") = "FluentResult.Core", "FluentResult.Core\FluentResult.Core.csproj", "{3601B62D-6AA0-4947-842D-B9EE53A0FEC5}"
EndProject
Project("{FAE04EC0-301F-11D3-BF4B-00C04F79EFBC}") = "FluentResult.Core.Tests", "FluentResult.Core.Tests\FluentResult.Core.Tests.csproj", "{804679FE-84D3-439D-8863-6F39D088B71B}"
EndProject
Global
	GlobalSection(SolutionConfigurationPlatforms) = preSolution
		Debug|Any CPU = Debug|Any CPU
		Release|Any CPU = Release|Any CPU
	EndGlobalSection
	GlobalSection(ProjectConfigurationPlatforms) = postSolution
		{3601B62D-6AA0-4947-842D-B9EE53A0FEC5}.Debug|Any CPU.ActiveCfg = Debug|Any CPU
		{3601B62D-6AA0-4947-842D-B9EE53A0FEC5}.Debug|Any CPU.Build.0 = Debug|Any CPU
		{3601B62D-6AA0-4947-842D-B9EE53A0FEC5}.Release|Any CPU.ActiveCfg = Release|Any CPU
		{3601B62D-6AA0-4947-842D-B9EE53A0FEC5}.Release|Any CPU.Build.0 = Release|Any CPU
		{804679FE-84D3-439D-8863-6F39D088B71B}.Debug|Any CPU.ActiveCfg = Debug|Any CPU
		{804679FE-84D3-439D-8863-6F39D088B71B}.Debug|Any CPU.Build.0 = Debug|Any CPU
		{804679FE-84D3-439D-8863-6F39D088B71B}.Release|Any CPU.ActiveCfg = Release|Any CPU
		{804679FE-84D3-439D-8863-6F39D088B71B}.Release|Any CPU.Build.0 = Release|Any CPU
	EndGlobalSection
	GlobalSection(SolutionProperties) = preSolution
		HideSolutionNode = FALSE
	EndGlobalSection
	GlobalSection(ExtensibilityGlobals) = postSolution
		SolutionGuid = {A91B06BF-2383-4E53-B0DA-5538929888BE}
	EndGlobalSection
EndGlobal
